
Microsoft Visual Studio Solution File, Format Version 12.00
# Visual Studio Version 16
VisualStudioVersion = 16.0.32602.291
MinimumVisualStudioVersion = 10.0.40219.1
Project("{FAE04EC0-301F-11D3-BF4B-00C04F79EFBC}") = "LearningManagementSystem", "LearningManagementSystem\LearningManagementSystem.csproj", "{FCA7AECC-9D2B-47DC-B006-003C95602539}"
EndProject
Global
	GlobalSection(SolutionConfigurationPlatforms) = preSolution
		Debug|Any CPU = Debug|Any CPU
		Release|Any CPU = Release|Any CPU
	EndGlobalSection
	GlobalSection(ProjectConfigurationPlatforms) = postSolution
		{FCA7AECC-9D2B-47DC-B006-003C95602539}.Debug|Any CPU.ActiveCfg = Debug|Any CPU
		{FCA7AECC-9D2B-47DC-B006-003C95602539}.Debug|Any CPU.Build.0 = Debug|Any CPU
		{FCA7AECC-9D2B-47DC-B006-003C95602539}.Release|Any CPU.ActiveCfg = Release|Any CPU
		{FCA7AECC-9D2B-47DC-B006-003C95602539}.Release|Any CPU.Build.0 = Release|Any CPU
	EndGlobalSection
	GlobalSection(SolutionProperties) = preSolution
		HideSolutionNode = FALSE
	EndGlobalSection
	GlobalSection(ExtensibilityGlobals) = postSolution
		SolutionGuid = {0BC222C5-BBD9-499B-82B5-553E01E085EF}
	EndGlobalSection
EndGlobal
